
Microsoft Visual Studio Solution File, Format Version 12.00
# Visual Studio Version 17
VisualStudioVersion = 17.0.32126.317
MinimumVisualStudioVersion = 10.0.40219.1
Project("{FAE04EC0-301F-11D3-BF4B-00C04F79EFBC}") = "CCL_Calculator.Domain", "CCL_Calculator.Domain\CCL_Calculator.Domain.csproj", "{10987EEC-D011-43CF-B9A2-184159BF0D06}"
EndProject
Project("{9A19103F-16F7-4668-BE54-9A1E7A4F7556}") = "CCL_Calculator.GUI", "CCL_Calculator.GUI\CCL_Calculator.GUI.csproj", "{66CEDD34-C489-45B5-9FFD-11C4828A4F62}"
EndProject
Project("{9A19103F-16F7-4668-BE54-9A1E7A4F7556}") = "CCL_Calculator.Services", "CCL_Calculator.Services\CCL_Calculator.Services.csproj", "{0869222E-604B-42D9-8A42-5E2201CC3A68}"
EndProject
Project("{9A19103F-16F7-4668-BE54-9A1E7A4F7556}") = "IOLService", "IOLService\IOLService.csproj", "{92BDFA65-C7DF-4096-9EFB-ED87DCF39A36}"
EndProject
Global
	GlobalSection(SolutionConfigurationPlatforms) = preSolution
		Debug|Any CPU = Debug|Any CPU
		Release|Any CPU = Release|Any CPU
	EndGlobalSection
	GlobalSection(ProjectConfigurationPlatforms) = postSolution
		{10987EEC-D011-43CF-B9A2-184159BF0D06}.Debug|Any CPU.ActiveCfg = Debug|Any CPU
		{10987EEC-D011-43CF-B9A2-184159BF0D06}.Debug|Any CPU.Build.0 = Debug|Any CPU
		{10987EEC-D011-43CF-B9A2-184159BF0D06}.Release|Any CPU.ActiveCfg = Release|Any CPU
		{10987EEC-D011-43CF-B9A2-184159BF0D06}.Release|Any CPU.Build.0 = Release|Any CPU
		{66CEDD34-C489-45B5-9FFD-11C4828A4F62}.Debug|Any CPU.ActiveCfg = Debug|Any CPU
		{66CEDD34-C489-45B5-9FFD-11C4828A4F62}.Debug|Any CPU.Build.0 = Debug|Any CPU
		{66CEDD34-C489-45B5-9FFD-11C4828A4F62}.Release|Any CPU.ActiveCfg = Release|Any CPU
		{66CEDD34-C489-45B5-9FFD-11C4828A4F62}.Release|Any CPU.Build.0 = Release|Any CPU
		{0869222E-604B-42D9-8A42-5E2201CC3A68}.Debug|Any CPU.ActiveCfg = Debug|Any CPU
		{0869222E-604B-42D9-8A42-5E2201CC3A68}.Debug|Any CPU.Build.0 = Debug|Any CPU
		{0869222E-604B-42D9-8A42-5E2201CC3A68}.Release|Any CPU.ActiveCfg = Release|Any CPU
		{0869222E-604B-42D9-8A42-5E2201CC3A68}.Release|Any CPU.Build.0 = Release|Any CPU
		{92BDFA65-C7DF-4096-9EFB-ED87DCF39A36}.Debug|Any CPU.ActiveCfg = Debug|Any CPU
		{92BDFA65-C7DF-4096-9EFB-ED87DCF39A36}.Debug|Any CPU.Build.0 = Debug|Any CPU
		{92BDFA65-C7DF-4096-9EFB-ED87DCF39A36}.Release|Any CPU.ActiveCfg = Release|Any CPU
		{92BDFA65-C7DF-4096-9EFB-ED87DCF39A36}.Release|Any CPU.Build.0 = Release|Any CPU
	EndGlobalSection
	GlobalSection(SolutionProperties) = preSolution
		HideSolutionNode = FALSE
	EndGlobalSection
	GlobalSection(ExtensibilityGlobals) = postSolution
		SolutionGuid = {599B210A-25FA-4F5C-88ED-D72D24086DA0}
	EndGlobalSection
EndGlobal
